Microsoft Visual Studio Solution File, Format Version 11.00
# Visual Studio 2008

Project("{C6C20B4D-98AA-42C3-32FA-7CA5BF50E4EF}") = "SCRUM GAME 2016", "Assembly-CSharp-vs.csproj", "{2955D592-C50F-51DF-37E0-C4F14808159C}"
EndProject
Global
	GlobalSection(SolutionConfigurationPlatforms) = preSolution
		Debug|Any CPU = Debug|Any CPU
		Release|Any CPU = Release|Any CPU
	EndGlobalSection
	GlobalSection(ProjectConfigurationPlatforms) = postSolution
		{2955D592-C50F-51DF-37E0-C4F14808159C}.Debug|Any CPU.ActiveCfg = Debug|Any CPU
		{2955D592-C50F-51DF-37E0-C4F14808159C}.Debug|Any CPU.Build.0 = Debug|Any CPU
		{2955D592-C50F-51DF-37E0-C4F14808159C}.Release|Any CPU.ActiveCfg = Release|Any CPU
		{2955D592-C50F-51DF-37E0-C4F14808159C}.Release|Any CPU.Build.0 = Release|Any CPU
	EndGlobalSection
	GlobalSection(SolutionProperties) = preSolution
		HideSolutionNode = FALSE
	EndGlobalSection
				GlobalSection(MonoDevelopProperties) = preSolution
		StartupItem = Assembly-CSharp.csproj
	EndGlobalSection

EndGlobal
